// !$*UTF8*$!
{
	archiveVersion = 1;
	classes = {
	};
	objectVersion = 56;
	objects = {

/* Begin PBXBuildFile section */
		F7C1DA072CB74C3A000B8A57 /* AppDelegate.swift in Sources */ = {isa = PBXBuildFile; fileRef = F7C1DA062CB74C3A000B8A57 /* AppDelegate.swift */; };
		F7C1DA092CB74C3A000B8A57 /* SceneDelegate.swift in Sources */ = {isa = PBXBuildFile; fileRef = F7C1DA082CB74C3A000B8A57 /* SceneDelegate.swift */; };
		F7C1DA0B2CB74C3A000B8A57 /* ViewController.swift in Sources */ = {isa = PBXBuildFile; fileRef = F7C1DA0A2CB74C3A000B8A57 /* ViewController.swift */; };
		F7C1DA0E2CB74C3A000B8A57 /* Base in Resources */ = {isa = PBXBuildFile; fileRef = F7C1DA0D2CB74C3A000B8A57 /* Base */; };
		F7C1DA102CB74C3C000B8A57 /* Assets.xcassets in Resources */ = {isa = PBXBuildFile; fileRef = F7C1DA0F2CB74C3C000B8A57 /* Assets.xcassets */; };
		F7C1DA132CB74C3C000B8A57 /* Base in Resources */ = {isa = PBXBuildFile; fileRef = F7C1DA122CB74C3C000B8A57 /* Base */; };
		F7C1DA1B2CB74FFD000B8A57 /* WebViewController.swift in Sources */ = {isa = PBXBuildFile; fileRef = F7C1DA1A2CB74FFD000B8A57 /* WebViewController.swift */; };
		F7C1DA1D2CB75008000B8A57 /* ReportViewController.swift in Sources */ = {isa = PBXBuildFile; fileRef = F7C1DA1C2CB75008000B8A57 /* ReportViewController.swift */; };
		F7C1DA1F2CB7501A000B8A57 /* OcrType.swift in Sources */ = {isa = PBXBuildFile; fileRef = F7C1DA1E2CB7501A000B8A57 /* OcrType.swift */; };
		F7C1DA212CB75022000B8A57 /* OcrResponse.swift in Sources */ = {isa = PBXBuildFile; fileRef = F7C1DA202CB75022000B8A57 /* OcrResponse.swift */; };
/* End PBXBuildFile section */

/* Begin PBXFileReference section */
		F7C1DA032CB74C3A000B8A57 /* wasm-ocr-sample-ios-swift.app */ = {isa = PBXFileReference; explicitFileType = wrapper.application; includeInIndex = 0; path = "wasm-ocr-sample-ios-swift.app"; sourceTree = BUILT_PRODUCTS_DIR; };
		F7C1DA062CB74C3A000B8A57 /* AppDelegate.swift */ = {isa = PBXFileReference; lastKnownFileType = sourcecode.swift; path = AppDelegate.swift; sourceTree = "<group>"; };
		F7C1DA082CB74C3A000B8A57 /* SceneDelegate.swift */ = {isa = PBXFileReference; lastKnownFileType = sourcecode.swift; path = SceneDelegate.swift; sourceTree = "<group>"; };
		F7C1DA0A2CB74C3A000B8A57 /* ViewController.swift */ = {isa = PBXFileReference; lastKnownFileType = sourcecode.swift; path = ViewController.swift; sourceTree = "<group>"; };
		F7C1DA0D2CB74C3A000B8A57 /* Base */ = {isa = PBXFileReference; lastKnownFileType = file.storyboard; name = Base; path = Base.lproj/Main.storyboard; sourceTree = "<group>"; };
		F7C1DA0F2CB74C3C000B8A57 /* Assets.xcassets */ = {isa = PBXFileReference; lastKnownFileType = folder.assetcatalog; path = Assets.xcassets; sourceTree = "<group>"; };
		F7C1DA122CB74C3C000B8A57 /* Base */ = {isa = PBXFileReference; lastKnownFileType = file.storyboard; name = Base; path = Base.lproj/LaunchScreen.storyboard; sourceTree = "<group>"; };
		F7C1DA142CB74C3C000B8A57 /* Info.plist */ = {isa = PBXFileReference; lastKnownFileType = text.plist.xml; path = Info.plist; sourceTree = "<group>"; };
		F7C1DA1A2CB74FFD000B8A57 /* WebViewController.swift */ = {isa = PBXFileReference; lastKnownFileType = sourcecode.swift; path = WebViewController.swift; sourceTree = "<group>"; };
		F7C1DA1C2CB75008000B8A57 /* ReportViewController.swift */ = {isa = PBXFileReference; lastKnownFileType = sourcecode.swift; path = ReportViewController.swift; sourceTree = "<group>"; };
		F7C1DA1E2CB7501A000B8A57 /* OcrType.swift */ = {isa = PBXFileReference; lastKnownFileType = sourcecode.swift; path = OcrType.swift; sourceTree = "<group>"; };
		F7C1DA202CB75022000B8A57 /* OcrResponse.swift */ = {isa = PBXFileReference; lastKnownFileType = sourcecode.swift; path = OcrResponse.swift; sourceTree = "<group>"; };
/* End PBXFileReference section */

/* Begin PBXFrameworksBuildPhase section */
		F7C1DA002CB74C3A000B8A57 /* Frameworks */ = {
			isa = PBXFrameworksBuildPhase;
			buildActionMask = 2147483647;
			files = (
			);
			runOnlyForDeploymentPostprocessing = 0;
		};
/* End PBXFrameworksBuildPhase section */

/* Begin PBXGroup section */
		F7C1D9FA2CB74C3A000B8A57 = {
			isa = PBXGroup;
			children = (
				F7C1DA052CB74C3A000B8A57 /* wasm-ocr-sample-ios-swift */,
				F7C1DA042CB74C3A000B8A57 /* Products */,
			);
			sourceTree = "<group>";
		};
		F7C1DA042CB74C3A000B8A57 /* Products */ = {
			isa = PBXGroup;
			children = (
				F7C1DA032CB74C3A000B8A57 /* wasm-ocr-sample-ios-swift.app */,
			);
			name = Products;
			sourceTree = "<group>";
		};
		F7C1DA052CB74C3A000B8A57 /* wasm-ocr-sample-ios-swift */ = {
			isa = PBXGroup;
			children = (
				F7C1DA062CB74C3A000B8A57 /* AppDelegate.swift */,
				F7C1DA082CB74C3A000B8A57 /* SceneDelegate.swift */,
				F7C1DA0A2CB74C3A000B8A57 /* ViewController.swift */,
				F7C1DA1A2CB74FFD000B8A57 /* WebViewController.swift */,
				F7C1DA1C2CB75008000B8A57 /* ReportViewController.swift */,
				F7C1DA202CB75022000B8A57 /* OcrResponse.swift */,
				F7C1DA1E2CB7501A000B8A57 /* OcrType.swift */,
				F7C1DA0C2CB74C3A000B8A57 /* Main.storyboard */,
				F7C1DA0F2CB74C3C000B8A57 /* Assets.xcassets */,
				F7C1DA112CB74C3C000B8A57 /* LaunchScreen.storyboard */,
				F7C1DA142CB74C3C000B8A57 /* Info.plist */,
			);
			path = "wasm-ocr-sample-ios-swift";
			sourceTree = "<group>";
		};
/* End PBXGroup section */

/* Begin PBXNativeTarget section */
		F7C1DA022CB74C3A000B8A57 /* wasm-ocr-sample-ios-swift */ = {
			isa = PBXNativeTarget;
			buildConfigurationList = F7C1DA172CB74C3C000B8A57 /* Build configuration list for PBXNativeTarget "wasm-ocr-sample-ios-swift" */;
			buildPhases = (
				F7C1D9FF2CB74C3A000B8A57 /* Sources */,
				F7C1DA002CB74C3A000B8A57 /* Frameworks */,
				F7C1DA012CB74C3A000B8A57 /* Resources */,
			);
			buildRules = (
			);
			dependencies = (
			);
			name = "wasm-ocr-sample-ios-swift";
			productName = "wasm-ocr-sample-ios-swift";
			productReference = F7C1DA032CB74C3A000B8A57 /* wasm-ocr-sample-ios-swift.app */;
			productType = "com.apple.product-type.application";
		};
/* End PBXNativeTarget section */

/* Begin PBXProject section */
		F7C1D9FB2CB74C3A000B8A57 /* Project object */ = {
			isa = PBXProject;
			attributes = {
				BuildIndependentTargetsInParallel = 1;
				LastSwiftUpdateCheck = 1540;
				LastUpgradeCheck = 1540;
				TargetAttributes = {
					F7C1DA022CB74C3A000B8A57 = {
						CreatedOnToolsVersion = 15.4;
					};
				};
			};
			buildConfigurationList = F7C1D9FE2CB74C3A000B8A57 /* Build configuration list for PBXProject "wasm-ocr-sample-ios-swift" */;
			compatibilityVersion = "Xcode 14.0";
			developmentRegion = en;
			hasScannedForEncodings = 0;
			knownRegions = (
				en,
				Base,
			);
			mainGroup = F7C1D9FA2CB74C3A000B8A57;
			productRefGroup = F7C1DA042CB74C3A000B8A57 /* Products */;
			projectDirPath = "";
			projectRoot = "";
			targets = (
				F7C1DA022CB74C3A000B8A57 /* wasm-ocr-sample-ios-swift */,
			);
		};
/* End PBXProject section */

/* Begin PBXResourcesBuildPhase section */
		F7C1DA012CB74C3A000B8A57 /* Resources */ = {
			isa = PBXResourcesBuildPhase;
			buildActionMask = 2147483647;
			files = (
				F7C1DA102CB74C3C000B8A57 /* Assets.xcassets in Resources */,
				F7C1DA132CB74C3C000B8A57 /* Base in Resources */,
				F7C1DA0E2CB74C3A000B8A57 /* Base in Resources */,
			);
			runOnlyForDeploymentPostprocessing = 0;
		};
/* End PBXResourcesBuildPhase section */

/* Begin PBXSourcesBuildPhase section */
		F7C1D9FF2CB74C3A000B8A57 /* Sources */ = {
			isa = PBXSourcesBuildPhase;
			buildActionMask = 2147483647;
			files = (
				F7C1DA0B2CB74C3A000B8A57 /* ViewController.swift in Sources */,
				F7C1DA072CB74C3A000B8A57 /* AppDelegate.swift in Sources */,
				F7C1DA092CB74C3A000B8A57 /* SceneDelegate.swift in Sources */,
				F7C1DA1D2CB75008000B8A57 /* ReportViewController.swift in Sources */,
				F7C1DA1F2CB7501A000B8A57 /* OcrType.swift in Sources */,
				F7C1DA1B2CB74FFD000B8A57 /* WebViewController.swift in Sources */,
				F7C1DA212CB75022000B8A57 /* OcrResponse.swift in Sources */,
			);
			runOnlyForDeploymentPostprocessing = 0;
		};
/* End PBXSourcesBuildPhase section */

/* Begin PBXVariantGroup section */
		F7C1DA0C2CB74C3A000B8A57 /* Main.storyboard */ = {
			isa = PBXVariantGroup;
			children = (
				F7C1DA0D2CB74C3A000B8A57 /* Base */,
			);
			name = Main.storyboard;
			sourceTree = "<group>";
		};
		F7C1DA112CB74C3C000B8A57 /* LaunchScreen.storyboard */ = {
			isa = PBXVariantGroup;
			children = (
				F7C1DA122CB74C3C000B8A57 /* Base */,
			);
			name = LaunchScreen.storyboard;
			sourceTree = "<group>";
		};
/* End PBXVariantGroup section */

/* Begin XCBuildConfiguration section */
		F7C1DA152CB74C3C000B8A57 /* Debug */ = {
			isa = XCBuildConfiguration;
			buildSettings = {
				ALWAYS_SEARCH_USER_PATHS = NO;
				ASSETCATALOG_COMPILER_GENERATE_SWIFT_ASSET_SYMBOL_EXTENSIONS = YES;
				CLANG_ANALYZER_NONNULL = YES;
				CLANG_ANALYZER_NUMBER_OBJECT_CONVERSION = YES_AGGRESSIVE;
				CLANG_CXX_LANGUAGE_STANDARD = "gnu++20";
				CLANG_ENABLE_MODULES = YES;
				CLANG_ENABLE_OBJC_ARC = YES;
				CLANG_ENABLE_OBJC_WEAK = YES;
				CLANG_WARN_BLOCK_CAPTURE_AUTORELEASING = YES;
				CLANG_WARN_BOOL_CONVERSION = YES;
				CLANG_WARN_COMMA = YES;
				CLANG_WARN_CONSTANT_CONVERSION = YES;
				CLANG_WARN_DEPRECATED_OBJC_IMPLEMENTATIONS = YES;
				CLANG_WARN_DIRECT_OBJC_ISA_USAGE = YES_ERROR;
				CLANG_WARN_DOCUMENTATION_COMMENTS = YES;
				CLANG_WARN_EMPTY_BODY = YES;
				CLANG_WARN_ENUM_CONVERSION = YES;
				CLANG_WARN_INFINITE_RECURSION = YES;
				CLANG_WARN_INT_CONVERSION = YES;
				CLANG_WARN_NON_LITERAL_NULL_CONVERSION = YES;
				CLANG_WARN_OBJC_IMPLICIT_RETAIN_SELF = YES;
				CLANG_WARN_OBJC_LITERAL_CONVERSION = YES;
				CLANG_WARN_OBJC_ROOT_CLASS = YES_ERROR;
				CLANG_WARN_QUOTED_INCLUDE_IN_FRAMEWORK_HEADER = YES;
				CLANG_WARN_RANGE_LOOP_ANALYSIS = YES;
				CLANG_WARN_STRICT_PROTOTYPES = YES;
				CLANG_WARN_SUSPICIOUS_MOVE = YES;
				CLANG_WARN_UNGUARDED_AVAILABILITY = YES_AGGRESSIVE;
				CLANG_WARN_UNREACHABLE_CODE = YES;
				CLANG_WARN__DUPLICATE_METHOD_MATCH = YES;
				COPY_PHASE_STRIP = NO;
				DEBUG_INFORMATION_FORMAT = dwarf;
				ENABLE_STRICT_OBJC_MSGSEND = YES;
				ENABLE_TESTABILITY = YES;
				ENABLE_USER_SCRIPT_SANDBOXING = YES;
				GCC_C_LANGUAGE_STANDARD = gnu17;
				GCC_DYNAMIC_NO_PIC = NO;
				GCC_NO_COMMON_BLOCKS = YES;
				GCC_OPTIMIZATION_LEVEL = 0;
				GCC_PREPROCESSOR_DEFINITIONS = (
					"DEBUG=1",
					"$(inherited)",
				);
				GCC_WARN_64_TO_32_BIT_CONVERSION = YES;
				GCC_WARN_ABOUT_RETURN_TYPE = YES_ERROR;
				GCC_WARN_UNDECLARED_SELECTOR = YES;
				GCC_WARN_UNINITIALIZED_AUTOS = YES_AGGRESSIVE;
				GCC_WARN_UNUSED_FUNCTION = YES;
				GCC_WARN_UNUSED_VARIABLE = YES;
				IPHONEOS_DEPLOYMENT_TARGET = 17.5;
				LOCALIZATION_PREFERS_STRING_CATALOGS = YES;
				MTL_ENABLE_DEBUG_INFO = INCLUDE_SOURCE;
				MTL_FAST_MATH = YES;
				ONLY_ACTIVE_ARCH = YES;
				SDKROOT = iphoneos;
				SWIFT_ACTIVE_COMPILATION_CONDITIONS = "DEBUG $(inherited)";
				SWIFT_OPTIMIZATION_LEVEL = "-Onone";
			};
			name = Debug;
		};
		F7C1DA162CB74C3C000B8A57 /* Release */ = {
			isa = XCBuildConfiguration;
			buildSettings = {
				ALWAYS_SEARCH_USER_PATHS = NO;
				ASSETCATALOG_COMPILER_GENERATE_SWIFT_ASSET_SYMBOL_EXTENSIONS = YES;
				CLANG_ANALYZER_NONNULL = YES;
				CLANG_ANALYZER_NUMBER_OBJECT_CONVERSION = YES_AGGRESSIVE;
				CLANG_CXX_LANGUAGE_STANDARD = "gnu++20";
				CLANG_ENABLE_MODULES = YES;
				CLANG_ENABLE_OBJC_ARC = YES;
				CLANG_ENABLE_OBJC_WEAK = YES;
				CLANG_WARN_BLOCK_CAPTURE_AUTORELEASING = YES;
				CLANG_WARN_BOOL_CONVERSION = YES;
				CLANG_WARN_COMMA = YES;
				CLANG_WARN_CONSTANT_CONVERSION = YES;
				CLANG_WARN_DEPRECATED_OBJC_IMPLEMENTATIONS = YES;
				CLANG_WARN_DIRECT_OBJC_ISA_USAGE = YES_ERROR;
				CLANG_WARN_DOCUMENTATION_COMMENTS = YES;
				CLANG_WARN_EMPTY_BODY = YES;
				CLANG_WARN_ENUM_CONVERSION = YES;
				CLANG_WARN_INFINITE_RECURSION = YES;
				CLANG_WARN_INT_CONVERSION = YES;
				CLANG_WARN_NON_LITERAL_NULL_CONVERSION = YES;
				CLANG_WARN_OBJC_IMPLICIT_RETAIN_SELF = YES;
				CLANG_WARN_OBJC_LITERAL_CONVERSION = YES;
				CLANG_WARN_OBJC_ROOT_CLASS = YES_ERROR;
				CLANG_WARN_QUOTED_INCLUDE_IN_FRAMEWORK_HEADER = YES;
				CLANG_WARN_RANGE_LOOP_ANALYSIS = YES;
				CLANG_WARN_STRICT_PROTOTYPES = YES;
				CLANG_WARN_SUSPICIOUS_MOVE = YES;
				CLANG_WARN_UNGUARDED_AVAILABILITY = YES_AGGRESSIVE;
				CLANG_WARN_UNREACHABLE_CODE = YES;
				CLANG_WARN__DUPLICATE_METHOD_MATCH = YES;
				COPY_PHASE_STRIP = NO;
				DEBUG_INFORMATION_FORMAT = "dwarf-with-dsym";
				ENABLE_NS_ASSERTIONS = NO;
				ENABLE_STRICT_OBJC_MSGSEND = YES;
				ENABLE_USER_SCRIPT_SANDBOXING = YES;
				GCC_C_LANGUAGE_STANDARD = gnu17;
				GCC_NO_COMMON_BLOCKS = YES;
				GCC_WARN_64_TO_32_BIT_CONVERSION = YES;
				GCC_WARN_ABOUT_RETURN_TYPE = YES_ERROR;
				GCC_WARN_UNDECLARED_SELECTOR = YES;
				GCC_WARN_UNINITIALIZED_AUTOS = YES_AGGRESSIVE;
				GCC_WARN_UNUSED_FUNCTION = YES;
				GCC_WARN_UNUSED_VARIABLE = YES;
				IPHONEOS_DEPLOYMENT_TARGET = 17.5;
				LOCALIZATION_PREFERS_STRING_CATALOGS = YES;
				MTL_ENABLE_DEBUG_INFO = NO;
				MTL_FAST_MATH = YES;
				SDKROOT = iphoneos;
				SWIFT_COMPILATION_MODE = wholemodule;
				VALIDATE_PRODUCT = YES;
			};
			name = Release;
		};
		F7C1DA182CB74C3C000B8A57 /* Debug */ = {
			isa = XCBuildConfiguration;
			buildSettings = {
				ASSETCATALOG_COMPILER_APPICON_NAME = AppIcon;
				ASSETCATALOG_COMPILER_GLOBAL_ACCENT_COLOR_NAME = AccentColor;
				CODE_SIGN_STYLE = Automatic;
				CURRENT_PROJECT_VERSION = 241028;
				DEVELOPMENT_TEAM = G476VT3T47;
				GENERATE_INFOPLIST_FILE = YES;
				INFOPLIST_FILE = "wasm-ocr-sample-ios-swift/Info.plist";
				INFOPLIST_KEY_CFBundleDisplayName = "Wasm OCR sample Swift";
				INFOPLIST_KEY_NSCameraUsageDescription = "OCR 검출을 위해 카메라를 사용합니다.";
				INFOPLIST_KEY_UIApplicationSupportsIndirectInputEvents = YES;
				INFOPLIST_KEY_UILaunchStoryboardName = LaunchScreen;
				INFOPLIST_KEY_UIMainStoryboardFile = Main;
				INFOPLIST_KEY_UISupportedInterfaceOrientations_iPad = "UIInterfaceOrientationPortrait UIInterfaceOrientationPortraitUpsideDown UIInterfaceOrientationLandscapeLeft UIInterfaceOrientationLandscapeRight";
				INFOPLIST_KEY_UISupportedInterfaceOrientations_iPhone = UIInterfaceOrientationPortrait;
				IPHONEOS_DEPLOYMENT_TARGET = 14.3;
				LD_RUNPATH_SEARCH_PATHS = (
					"$(inherited)",
					"@executable_path/Frameworks",
				);
				MARKETING_VERSION = 1.0;
				PRODUCT_BUNDLE_IDENTIFIER = "kr.co.useb.wasm-ocr.swift";
				PRODUCT_NAME = "$(TARGET_NAME)";
				SWIFT_EMIT_LOC_STRINGS = YES;
				SWIFT_VERSION = 5.0;
				TARGETED_DEVICE_FAMILY = "1,2";
			};
			name = Debug;
		};
		F7C1DA192CB74C3C000B8A57 /* Release */ = {
			isa = XCBuildConfiguration;
			buildSettings = {
				ASSETCATALOG_COMPILER_APPICON_NAME = AppIcon;
				ASSETCATALOG_COMPILER_GLOBAL_ACCENT_COLOR_NAME = AccentColor;
				CODE_SIGN_STYLE = Automatic;
				CURRENT_PROJECT_VERSION = 241028;
				DEVELOPMENT_TEAM = G476VT3T47;
				GENERATE_INFOPLIST_FILE = YES;
				INFOPLIST_FILE = "wasm-ocr-sample-ios-swift/Info.plist";
				INFOPLIST_KEY_CFBundleDisplayName = "Wasm OCR sample Swift";
				INFOPLIST_KEY_NSCameraUsageDescription = "OCR 검출을 위해 카메라를 사용합니다.";
				INFOPLIST_KEY_UIApplicationSupportsIndirectInputEvents = YES;
				INFOPLIST_KEY_UILaunchStoryboardName = LaunchScreen;
				INFOPLIST_KEY_UIMainStoryboardFile = Main;
				INFOPLIST_KEY_UISupportedInterfaceOrientations_iPad = "UIInterfaceOrientationPortrait UIInterfaceOrientationPortraitUpsideDown UIInterfaceOrientationLandscapeLeft UIInterfaceOrientationLandscapeRight";
				INFOPLIST_KEY_UISupportedInterfaceOrientations_iPhone = UIInterfaceOrientationPortrait;
				IPHONEOS_DEPLOYMENT_TARGET = 14.3;
				LD_RUNPATH_SEARCH_PATHS = (
					"$(inherited)",
					"@executable_path/Frameworks",
				);
				MARKETING_VERSION = 1.0;
				PRODUCT_BUNDLE_IDENTIFIER = "kr.co.useb.wasm-ocr.swift";
				PRODUCT_NAME = "$(TARGET_NAME)";
				SWIFT_EMIT_LOC_STRINGS = YES;
				SWIFT_VERSION = 5.0;
				TARGETED_DEVICE_FAMILY = "1,2";
			};
			name = Release;
		};
/* End XCBuildConfiguration section */

/* Begin XCConfigurationList section */
		F7C1D9FE2CB74C3A000B8A57 /* Build configuration list for PBXProject "wasm-ocr-sample-ios-swift" */ = {
			isa = XCConfigurationList;
			buildConfigurations = (
				F7C1DA152CB74C3C000B8A57 /* Debug */,
				F7C1DA162CB74C3C000B8A57 /* Release */,
			);
			defaultConfigurationIsVisible = 0;
			defaultConfigurationName = Release;
		};
		F7C1DA172CB74C3C000B8A57 /* Build configuration list for PBXNativeTarget "wasm-ocr-sample-ios-swift" */ = {
			isa = XCConfigurationList;
			buildConfigurations = (
				F7C1DA182CB74C3C000B8A57 /* Debug */,
				F7C1DA192CB74C3C000B8A57 /* Release */,
			);
			defaultConfigurationIsVisible = 0;
			defaultConfigurationName = Release;
		};
/* End XCConfigurationList section */
	};
	rootObject = F7C1D9FB2CB74C3A000B8A57 /* Project object */;
}
